// !$*UTF8*$!
{
	archiveVersion = 1;
	classes = {
	};
	objectVersion = 77;
	objects = {

/* Begin PBXBuildFile section */
		D40E28972D3CE395000FE234 /* RxCocoa in Frameworks */ = {isa = PBXBuildFile; productRef = D40E28962D3CE395000FE234 /* RxCocoa */; };
		D40E28992D3CE395000FE234 /* RxRelay in Frameworks */ = {isa = PBXBuildFile; productRef = D40E28982D3CE395000FE234 /* RxRelay */; };
		D40E289B2D3CE395000FE234 /* RxSwift in Frameworks */ = {isa = PBXBuildFile; productRef = D40E289A2D3CE395000FE234 /* RxSwift */; };
		D45322712D2808690050CA17 /* .gitignore in Resources */ = {isa = PBXBuildFile; fileRef = D45322702D2808690050CA17 /* .gitignore */; };
		D45322F42D354AD80050CA17 /* SnapKit in Frameworks */ = {isa = PBXBuildFile; productRef = D45322F32D354AD80050CA17 /* SnapKit */; };
		D45322F72D354AE70050CA17 /* Kingfisher in Frameworks */ = {isa = PBXBuildFile; productRef = D45322F62D354AE70050CA17 /* Kingfisher */; };
		D453233C2D3800580050CA17 /* Alamofire in Frameworks */ = {isa = PBXBuildFile; productRef = D453233B2D3800580050CA17 /* Alamofire */; };
		D4868FCE2D85F22F0094915F /* Swinject in Frameworks */ = {isa = PBXBuildFile; productRef = D4868FCD2D85F22F0094915F /* Swinject */; };
		D4C7286A2D65F7BC00354636 /* RxDataSources in Frameworks */ = {isa = PBXBuildFile; productRef = D4C728692D65F7BC00354636 /* RxDataSources */; };
		D4C7286C2D65F7F000354636 /* Differentiator in Frameworks */ = {isa = PBXBuildFile; productRef = D4C7286B2D65F7F000354636 /* Differentiator */; };
/* End PBXBuildFile section */

/* Begin PBXContainerItemProxy section */
		D453221F2D272F770050CA17 /* PBXContainerItemProxy */ = {
			isa = PBXContainerItemProxy;
			containerPortal = D45322002D272F760050CA17 /* Project object */;
			proxyType = 1;
			remoteGlobalIDString = D45322072D272F760050CA17;
			remoteInfo = CleanShopping;
		};
		D45322292D272F780050CA17 /* PBXContainerItemProxy */ = {
			isa = PBXContainerItemProxy;
			containerPortal = D45322002D272F760050CA17 /* Project object */;
			proxyType = 1;
			remoteGlobalIDString = D45322072D272F760050CA17;
			remoteInfo = CleanShopping;
		};
/* End PBXContainerItemProxy section */

/* Begin PBXFileReference section */
		D45322082D272F760050CA17 /* CleanShopping.app */ = {isa = PBXFileReference; explicitFileType = wrapper.application; includeInIndex = 0; path = CleanShopping.app; sourceTree = BUILT_PRODUCTS_DIR; };
		D453221E2D272F770050CA17 /* CleanShoppingTests.xctest */ = {isa = PBXFileReference; explicitFileType = wrapper.cfbundle; includeInIndex = 0; path = CleanShoppingTests.xctest; sourceTree = BUILT_PRODUCTS_DIR; };
		D45322282D272F780050CA17 /* CleanShoppingUITests.xctest */ = {isa = PBXFileReference; explicitFileType = wrapper.cfbundle; includeInIndex = 0; path = CleanShoppingUITests.xctest; sourceTree = BUILT_PRODUCTS_DIR; };
		D45322702D2808690050CA17 /* .gitignore */ = {isa = PBXFileReference; lastKnownFileType = text; path = .gitignore; sourceTree = "<group>"; };
/* End PBXFileReference section */

/* Begin PBXFileSystemSynchronizedBuildFileExceptionSet section */
		D45322302D272F780050CA17 /* Exceptions for "CleanShopping" folder in "CleanShopping" target */ = {
			isa = PBXFileSystemSynchronizedBuildFileExceptionSet;
			membershipExceptions = (
				Info.plist,
			);
			target = D45322072D272F760050CA17 /* CleanShopping */;
		};
/* End PBXFileSystemSynchronizedBuildFileExceptionSet section */

/* Begin PBXFileSystemSynchronizedRootGroup section */
		D453220A2D272F760050CA17 /* CleanShopping */ = {
			isa = PBXFileSystemSynchronizedRootGroup;
			exceptions = (
				D45322302D272F780050CA17 /* Exceptions for "CleanShopping" folder in "CleanShopping" target */,
			);
			path = CleanShopping;
			sourceTree = "<group>";
		};
		D45322212D272F770050CA17 /* CleanShoppingTests */ = {
			isa = PBXFileSystemSynchronizedRootGroup;
			path = CleanShoppingTests;
			sourceTree = "<group>";
		};
		D453222B2D272F780050CA17 /* CleanShoppingUITests */ = {
			isa = PBXFileSystemSynchronizedRootGroup;
			path = CleanShoppingUITests;
			sourceTree = "<group>";
		};
/* End PBXFileSystemSynchronizedRootGroup section */

/* Begin PBXFrameworksBuildPhase section */
		D45322052D272F760050CA17 /* Frameworks */ = {
			isa = PBXFrameworksBuildPhase;
			buildActionMask = 2147483647;
			files = (
				D40E289B2D3CE395000FE234 /* RxSwift in Frameworks */,
				D40E28992D3CE395000FE234 /* RxRelay in Frameworks */,
				D453233C2D3800580050CA17 /* Alamofire in Frameworks */,
				D45322F72D354AE70050CA17 /* Kingfisher in Frameworks */,
				D4C7286C2D65F7F000354636 /* Differentiator in Frameworks */,
				D4868FCE2D85F22F0094915F /* Swinject in Frameworks */,
				D4C7286A2D65F7BC00354636 /* RxDataSources in Frameworks */,
				D40E28972D3CE395000FE234 /* RxCocoa in Frameworks */,
				D45322F42D354AD80050CA17 /* SnapKit in Frameworks */,
			);
			runOnlyForDeploymentPostprocessing = 0;
		};
		D453221B2D272F770050CA17 /* Frameworks */ = {
			isa = PBXFrameworksBuildPhase;
			buildActionMask = 2147483647;
			files = (
			);
			runOnlyForDeploymentPostprocessing = 0;
		};
		D45322252D272F780050CA17 /* Frameworks */ = {
			isa = PBXFrameworksBuildPhase;
			buildActionMask = 2147483647;
			files = (
			);
			runOnlyForDeploymentPostprocessing = 0;
		};
/* End PBXFrameworksBuildPhase section */

/* Begin PBXGroup section */
		D45321FF2D272F760050CA17 = {
			isa = PBXGroup;
			children = (
				D45322702D2808690050CA17 /* .gitignore */,
				D453220A2D272F760050CA17 /* CleanShopping */,
				D45322212D272F770050CA17 /* CleanShoppingTests */,
				D453222B2D272F780050CA17 /* CleanShoppingUITests */,
				D45322092D272F760050CA17 /* Products */,
			);
			sourceTree = "<group>";
		};
		D45322092D272F760050CA17 /* Products */ = {
			isa = PBXGroup;
			children = (
				D45322082D272F760050CA17 /* CleanShopping.app */,
				D453221E2D272F770050CA17 /* CleanShoppingTests.xctest */,
				D45322282D272F780050CA17 /* CleanShoppingUITests.xctest */,
			);
			name = Products;
			sourceTree = "<group>";
		};
/* End PBXGroup section */

/* Begin PBXNativeTarget section */
		D45322072D272F760050CA17 /* CleanShopping */ = {
			isa = PBXNativeTarget;
			buildConfigurationList = D45322312D272F780050CA17 /* Build configuration list for PBXNativeTarget "CleanShopping" */;
			buildPhases = (
				D45322042D272F760050CA17 /* Sources */,
				D45322052D272F760050CA17 /* Frameworks */,
				D45322062D272F760050CA17 /* Resources */,
			);
			buildRules = (
			);
			dependencies = (
			);
			fileSystemSynchronizedGroups = (
				D453220A2D272F760050CA17 /* CleanShopping */,
			);
			name = CleanShopping;
			packageProductDependencies = (
				D45322F32D354AD80050CA17 /* SnapKit */,
				D45322F62D354AE70050CA17 /* Kingfisher */,
				D453233B2D3800580050CA17 /* Alamofire */,
				D40E28962D3CE395000FE234 /* RxCocoa */,
				D40E28982D3CE395000FE234 /* RxRelay */,
				D40E289A2D3CE395000FE234 /* RxSwift */,
				D4C728692D65F7BC00354636 /* RxDataSources */,
				D4C7286B2D65F7F000354636 /* Differentiator */,
				D4868FCD2D85F22F0094915F /* Swinject */,
			);
			productName = CleanShopping;
			productReference = D45322082D272F760050CA17 /* CleanShopping.app */;
			productType = "com.apple.product-type.application";
		};
		D453221D2D272F770050CA17 /* CleanShoppingTests */ = {
			isa = PBXNativeTarget;
			buildConfigurationList = D45322362D272F780050CA17 /* Build configuration list for PBXNativeTarget "CleanShoppingTests" */;
			buildPhases = (
				D453221A2D272F770050CA17 /* Sources */,
				D453221B2D272F770050CA17 /* Frameworks */,
				D453221C2D272F770050CA17 /* Resources */,
			);
			buildRules = (
			);
			dependencies = (
				D45322202D272F770050CA17 /* PBXTargetDependency */,
			);
			fileSystemSynchronizedGroups = (
				D45322212D272F770050CA17 /* CleanShoppingTests */,
			);
			name = CleanShoppingTests;
			packageProductDependencies = (
			);
			productName = CleanShoppingTests;
			productReference = D453221E2D272F770050CA17 /* CleanShoppingTests.xctest */;
			productType = "com.apple.product-type.bundle.unit-test";
		};
		D45322272D272F780050CA17 /* CleanShoppingUITests */ = {
			isa = PBXNativeTarget;
			buildConfigurationList = D45322392D272F780050CA17 /* Build configuration list for PBXNativeTarget "CleanShoppingUITests" */;
			buildPhases = (
				D45322242D272F780050CA17 /* Sources */,
				D45322252D272F780050CA17 /* Frameworks */,
				D45322262D272F780050CA17 /* Resources */,
			);
			buildRules = (
			);
			dependencies = (
				D453222A2D272F780050CA17 /* PBXTargetDependency */,
			);
			fileSystemSynchronizedGroups = (
				D453222B2D272F780050CA17 /* CleanShoppingUITests */,
			);
			name = CleanShoppingUITests;
			packageProductDependencies = (
			);
			productName = CleanShoppingUITests;
			productReference = D45322282D272F780050CA17 /* CleanShoppingUITests.xctest */;
			productType = "com.apple.product-type.bundle.ui-testing";
		};
/* End PBXNativeTarget section */

/* Begin PBXProject section */
		D45322002D272F760050CA17 /* Project object */ = {
			isa = PBXProject;
			attributes = {
				BuildIndependentTargetsInParallel = 1;
				LastSwiftUpdateCheck = 1620;
				LastUpgradeCheck = 1620;
				TargetAttributes = {
					D45322072D272F760050CA17 = {
						CreatedOnToolsVersion = 16.2;
					};
					D453221D2D272F770050CA17 = {
						CreatedOnToolsVersion = 16.2;
						TestTargetID = D45322072D272F760050CA17;
					};
					D45322272D272F780050CA17 = {
						CreatedOnToolsVersion = 16.2;
						TestTargetID = D45322072D272F760050CA17;
					};
				};
			};
			buildConfigurationList = D45322032D272F760050CA17 /* Build configuration list for PBXProject "CleanShopping" */;
			developmentRegion = en;
			hasScannedForEncodings = 0;
			knownRegions = (
				en,
				Base,
			);
			mainGroup = D45321FF2D272F760050CA17;
			minimizedProjectReferenceProxies = 1;
			packageReferences = (
				D45322F22D354AD80050CA17 /* XCRemoteSwiftPackageReference "SnapKit" */,
				D45322F52D354AE70050CA17 /* XCRemoteSwiftPackageReference "Kingfisher" */,
				D453233A2D3800580050CA17 /* XCRemoteSwiftPackageReference "Alamofire" */,
				D40E28952D3CE395000FE234 /* XCRemoteSwiftPackageReference "RxSwift" */,
				D4C728682D65F7BC00354636 /* XCRemoteSwiftPackageReference "RxDataSources" */,
				D4868FCC2D85F22F0094915F /* XCRemoteSwiftPackageReference "Swinject" */,
			);
			preferredProjectObjectVersion = 77;
			productRefGroup = D45322092D272F760050CA17 /* Products */;
			projectDirPath = "";
			projectRoot = "";
			targets = (
				D45322072D272F760050CA17 /* CleanShopping */,
				D453221D2D272F770050CA17 /* CleanShoppingTests */,
				D45322272D272F780050CA17 /* CleanShoppingUITests */,
			);
		};
/* End PBXProject section */

/* Begin PBXResourcesBuildPhase section */
		D45322062D272F760050CA17 /* Resources */ = {
			isa = PBXResourcesBuildPhase;
			buildActionMask = 2147483647;
			files = (
				D45322712D2808690050CA17 /* .gitignore in Resources */,
			);
			runOnlyForDeploymentPostprocessing = 0;
		};
		D453221C2D272F770050CA17 /* Resources */ = {
			isa = PBXResourcesBuildPhase;
			buildActionMask = 2147483647;
			files = (
			);
			runOnlyForDeploymentPostprocessing = 0;
		};
		D45322262D272F780050CA17 /* Resources */ = {
			isa = PBXResourcesBuildPhase;
			buildActionMask = 2147483647;
			files = (
			);
			runOnlyForDeploymentPostprocessing = 0;
		};
/* End PBXResourcesBuildPhase section */

/* Begin PBXSourcesBuildPhase section */
		D45322042D272F760050CA17 /* Sources */ = {
			isa = PBXSourcesBuildPhase;
			buildActionMask = 2147483647;
			files = (
			);
			runOnlyForDeploymentPostprocessing = 0;
		};
		D453221A2D272F770050CA17 /* Sources */ = {
			isa = PBXSourcesBuildPhase;
			buildActionMask = 2147483647;
			files = (
			);
			runOnlyForDeploymentPostprocessing = 0;
		};
		D45322242D272F780050CA17 /* Sources */ = {
			isa = PBXSourcesBuildPhase;
			buildActionMask = 2147483647;
			files = (
			);
			runOnlyForDeploymentPostprocessing = 0;
		};
/* End PBXSourcesBuildPhase section */

/* Begin PBXTargetDependency section */
		D45322202D272F770050CA17 /* PBXTargetDependency */ = {
			isa = PBXTargetDependency;
			target = D45322072D272F760050CA17 /* CleanShopping */;
			targetProxy = D453221F2D272F770050CA17 /* PBXContainerItemProxy */;
		};
		D453222A2D272F780050CA17 /* PBXTargetDependency */ = {
			isa = PBXTargetDependency;
			target = D45322072D272F760050CA17 /* CleanShopping */;
			targetProxy = D45322292D272F780050CA17 /* PBXContainerItemProxy */;
		};
/* End PBXTargetDependency section */

/* Begin XCBuildConfiguration section */
		D45322322D272F780050CA17 /* Debug */ = {
			isa = XCBuildConfiguration;
			buildSettings = {
				ASSETCATALOG_COMPILER_APPICON_NAME = AppIcon;
				ASSETCATALOG_COMPILER_GLOBAL_ACCENT_COLOR_NAME = AccentColor;
				CODE_SIGN_STYLE = Automatic;
				CURRENT_PROJECT_VERSION = 1;
				DEVELOPMENT_TEAM = NWL6WKXWCJ;
				GENERATE_INFOPLIST_FILE = YES;
				INFOPLIST_FILE = CleanShopping/Info.plist;
				INFOPLIST_KEY_UIApplicationSupportsIndirectInputEvents = YES;
				INFOPLIST_KEY_UILaunchStoryboardName = LaunchScreen;
				INFOPLIST_KEY_UISupportedInterfaceOrientations = UIInterfaceOrientationPortrait;
				INFOPLIST_KEY_UISupportedInterfaceOrientations_iPad = "UIInterfaceOrientationLandscapeLeft UIInterfaceOrientationLandscapeRight UIInterfaceOrientationPortrait UIInterfaceOrientationPortraitUpsideDown";
				IPHONEOS_DEPLOYMENT_TARGET = 17.0;
				LD_RUNPATH_SEARCH_PATHS = (
					"$(inherited)",
					"@executable_path/Frameworks",
				);
				MARKETING_VERSION = 1.0;
				PRODUCT_BUNDLE_IDENTIFIER = com.Ray.CleanShopping;
				PRODUCT_NAME = "$(TARGET_NAME)";
				SUPPORTED_PLATFORMS = "iphoneos iphonesimulator";
				SUPPORTS_MACCATALYST = NO;
				SUPPORTS_MAC_DESIGNED_FOR_IPHONE_IPAD = NO;
				SUPPORTS_XR_DESIGNED_FOR_IPHONE_IPAD = NO;
				SWIFT_EMIT_LOC_STRINGS = YES;
				SWIFT_VERSION = 5.0;
				TARGETED_DEVICE_FAMILY = 1;
			};
			name = Debug;
		};
		D45322332D272F780050CA17 /* Release */ = {
			isa = XCBuildConfiguration;
			buildSettings = {
				ASSETCATALOG_COMPILER_APPICON_NAME = AppIcon;
				ASSETCATALOG_COMPILER_GLOBAL_ACCENT_COLOR_NAME = AccentColor;
				CODE_SIGN_STYLE = Automatic;
				CURRENT_PROJECT_VERSION = 1;
				DEVELOPMENT_TEAM = NWL6WKXWCJ;
				GENERATE_INFOPLIST_FILE = YES;
				INFOPLIST_FILE = CleanShopping/Info.plist;
				INFOPLIST_KEY_UIApplicationSupportsIndirectInputEvents = YES;
				INFOPLIST_KEY_UILaunchStoryboardName = LaunchScreen;
				INFOPLIST_KEY_UISupportedInterfaceOrientations = UIInterfaceOrientationPortrait;
				INFOPLIST_KEY_UISupportedInterfaceOrientations_iPad = "UIInterfaceOrientationLandscapeLeft UIInterfaceOrientationLandscapeRight UIInterfaceOrientationPortrait UIInterfaceOrientationPortraitUpsideDown";
				IPHONEOS_DEPLOYMENT_TARGET = 17.0;
				LD_RUNPATH_SEARCH_PATHS = (
					"$(inherited)",
					"@executable_path/Frameworks",
				);
				MARKETING_VERSION = 1.0;
				PRODUCT_BUNDLE_IDENTIFIER = com.Ray.CleanShopping;
				PRODUCT_NAME = "$(TARGET_NAME)";
				SUPPORTED_PLATFORMS = "iphoneos iphonesimulator";
				SUPPORTS_MACCATALYST = NO;
				SUPPORTS_MAC_DESIGNED_FOR_IPHONE_IPAD = NO;
				SUPPORTS_XR_DESIGNED_FOR_IPHONE_IPAD = NO;
				SWIFT_EMIT_LOC_STRINGS = YES;
				SWIFT_VERSION = 5.0;
				TARGETED_DEVICE_FAMILY = 1;
			};
			name = Release;
		};
		D45322342D272F780050CA17 /* Debug */ = {
			isa = XCBuildConfiguration;
			buildSettings = {
				ALWAYS_SEARCH_USER_PATHS = NO;
				ASSETCATALOG_COMPILER_GENERATE_SWIFT_ASSET_SYMBOL_EXTENSIONS = YES;
				CLANG_ANALYZER_NONNULL = YES;
				CLANG_ANALYZER_NUMBER_OBJECT_CONVERSION = YES_AGGRESSIVE;
				CLANG_CXX_LANGUAGE_STANDARD = "gnu++20";
				CLANG_ENABLE_MODULES = YES;
				CLANG_ENABLE_OBJC_ARC = YES;
				CLANG_ENABLE_OBJC_WEAK = YES;
				CLANG_WARN_BLOCK_CAPTURE_AUTORELEASING = YES;
				CLANG_WARN_BOOL_CONVERSION = YES;
				CLANG_WARN_COMMA = YES;
				CLANG_WARN_CONSTANT_CONVERSION = YES;
				CLANG_WARN_DEPRECATED_OBJC_IMPLEMENTATIONS = YES;
				CLANG_WARN_DIRECT_OBJC_ISA_USAGE = YES_ERROR;
				CLANG_WARN_DOCUMENTATION_COMMENTS = YES;
				CLANG_WARN_EMPTY_BODY = YES;
				CLANG_WARN_ENUM_CONVERSION = YES;
				CLANG_WARN_INFINITE_RECURSION = YES;
				CLANG_WARN_INT_CONVERSION = YES;
				CLANG_WARN_NON_LITERAL_NULL_CONVERSION = YES;
				CLANG_WARN_OBJC_IMPLICIT_RETAIN_SELF = YES;
				CLANG_WARN_OBJC_LITERAL_CONVERSION = YES;
				CLANG_WARN_OBJC_ROOT_CLASS = YES_ERROR;
				CLANG_WARN_QUOTED_INCLUDE_IN_FRAMEWORK_HEADER = YES;
				CLANG_WARN_RANGE_LOOP_ANALYSIS = YES;
				CLANG_WARN_STRICT_PROTOTYPES = YES;
				CLANG_WARN_SUSPICIOUS_MOVE = YES;
				CLANG_WARN_UNGUARDED_AVAILABILITY = YES_AGGRESSIVE;
				CLANG_WARN_UNREACHABLE_CODE = YES;
				CLANG_WARN__DUPLICATE_METHOD_MATCH = YES;
				COPY_PHASE_STRIP = NO;
				DEBUG_INFORMATION_FORMAT = dwarf;
				ENABLE_STRICT_OBJC_MSGSEND = YES;
				ENABLE_TESTABILITY = YES;
				ENABLE_USER_SCRIPT_SANDBOXING = YES;
				GCC_C_LANGUAGE_STANDARD = gnu17;
				GCC_DYNAMIC_NO_PIC = NO;
				GCC_NO_COMMON_BLOCKS = YES;
				GCC_OPTIMIZATION_LEVEL = 0;
				GCC_PREPROCESSOR_DEFINITIONS = (
					"DEBUG=1",
					"$(inherited)",
				);
				GCC_WARN_64_TO_32_BIT_CONVERSION = YES;
				GCC_WARN_ABOUT_RETURN_TYPE = YES_ERROR;
				GCC_WARN_UNDECLARED_SELECTOR = YES;
				GCC_WARN_UNINITIALIZED_AUTOS = YES_AGGRESSIVE;
				GCC_WARN_UNUSED_FUNCTION = YES;
				GCC_WARN_UNUSED_VARIABLE = YES;
				IPHONEOS_DEPLOYMENT_TARGET = 18.2;
				LOCALIZATION_PREFERS_STRING_CATALOGS = YES;
				MTL_ENABLE_DEBUG_INFO = INCLUDE_SOURCE;
				MTL_FAST_MATH = YES;
				ONLY_ACTIVE_ARCH = YES;
				SDKROOT = iphoneos;
				SWIFT_ACTIVE_COMPILATION_CONDITIONS = "DEBUG $(inherited)";
				SWIFT_OPTIMIZATION_LEVEL = "-Onone";
			};
			name = Debug;
		};
		D45322352D272F780050CA17 /* Release */ = {
			isa = XCBuildConfiguration;
			buildSettings = {
				ALWAYS_SEARCH_USER_PATHS = NO;
				ASSETCATALOG_COMPILER_GENERATE_SWIFT_ASSET_SYMBOL_EXTENSIONS = YES;
				CLANG_ANALYZER_NONNULL = YES;
				CLANG_ANALYZER_NUMBER_OBJECT_CONVERSION = YES_AGGRESSIVE;
				CLANG_CXX_LANGUAGE_STANDARD = "gnu++20";
				CLANG_ENABLE_MODULES = YES;
				CLANG_ENABLE_OBJC_ARC = YES;
				CLANG_ENABLE_OBJC_WEAK = YES;
				CLANG_WARN_BLOCK_CAPTURE_AUTORELEASING = YES;
				CLANG_WARN_BOOL_CONVERSION = YES;
				CLANG_WARN_COMMA = YES;
				CLANG_WARN_CONSTANT_CONVERSION = YES;
				CLANG_WARN_DEPRECATED_OBJC_IMPLEMENTATIONS = YES;
				CLANG_WARN_DIRECT_OBJC_ISA_USAGE = YES_ERROR;
				CLANG_WARN_DOCUMENTATION_COMMENTS = YES;
				CLANG_WARN_EMPTY_BODY = YES;
				CLANG_WARN_ENUM_CONVERSION = YES;
				CLANG_WARN_INFINITE_RECURSION = YES;
				CLANG_WARN_INT_CONVERSION = YES;
				CLANG_WARN_NON_LITERAL_NULL_CONVERSION = YES;
				CLANG_WARN_OBJC_IMPLICIT_RETAIN_SELF = YES;
				CLANG_WARN_OBJC_LITERAL_CONVERSION = YES;
				CLANG_WARN_OBJC_ROOT_CLASS = YES_ERROR;
				CLANG_WARN_QUOTED_INCLUDE_IN_FRAMEWORK_HEADER = YES;
				CLANG_WARN_RANGE_LOOP_ANALYSIS = YES;
				CLANG_WARN_STRICT_PROTOTYPES = YES;
				CLANG_WARN_SUSPICIOUS_MOVE = YES;
				CLANG_WARN_UNGUARDED_AVAILABILITY = YES_AGGRESSIVE;
				CLANG_WARN_UNREACHABLE_CODE = YES;
				CLANG_WARN__DUPLICATE_METHOD_MATCH = YES;
				COPY_PHASE_STRIP = NO;
				DEBUG_INFORMATION_FORMAT = "dwarf-with-dsym";
				ENABLE_NS_ASSERTIONS = NO;
				ENABLE_STRICT_OBJC_MSGSEND = YES;
				ENABLE_USER_SCRIPT_SANDBOXING = YES;
				GCC_C_LANGUAGE_STANDARD = gnu17;
				GCC_NO_COMMON_BLOCKS = YES;
				GCC_WARN_64_TO_32_BIT_CONVERSION = YES;
				GCC_WARN_ABOUT_RETURN_TYPE = YES_ERROR;
				GCC_WARN_UNDECLARED_SELECTOR = YES;
				GCC_WARN_UNINITIALIZED_AUTOS = YES_AGGRESSIVE;
				GCC_WARN_UNUSED_FUNCTION = YES;
				GCC_WARN_UNUSED_VARIABLE = YES;
				IPHONEOS_DEPLOYMENT_TARGET = 18.2;
				LOCALIZATION_PREFERS_STRING_CATALOGS = YES;
				MTL_ENABLE_DEBUG_INFO = NO;
				MTL_FAST_MATH = YES;
				SDKROOT = iphoneos;
				SWIFT_COMPILATION_MODE = wholemodule;
				VALIDATE_PRODUCT = YES;
			};
			name = Release;
		};
		D45322372D272F780050CA17 /* Debug */ = {
			isa = XCBuildConfiguration;
			buildSettings = {
				BUNDLE_LOADER = "$(TEST_HOST)";
				CODE_SIGN_STYLE = Automatic;
				CURRENT_PROJECT_VERSION = 1;
				DEVELOPMENT_TEAM = NWL6WKXWCJ;
				GENERATE_INFOPLIST_FILE = YES;
				IPHONEOS_DEPLOYMENT_TARGET = 18.2;
				MARKETING_VERSION = 1.0;
				PRODUCT_BUNDLE_IDENTIFIER = com.Ray.CleanShoppingTests;
				PRODUCT_NAME = "$(TARGET_NAME)";
				SWIFT_EMIT_LOC_STRINGS = NO;
				SWIFT_VERSION = 5.0;
				TARGETED_DEVICE_FAMILY = "1,2";
				TEST_HOST = "$(BUILT_PRODUCTS_DIR)/CleanShopping.app/$(BUNDLE_EXECUTABLE_FOLDER_PATH)/CleanShopping";
			};
			name = Debug;
		};
		D45322382D272F780050CA17 /* Release */ = {
			isa = XCBuildConfiguration;
			buildSettings = {
				BUNDLE_LOADER = "$(TEST_HOST)";
				CODE_SIGN_STYLE = Automatic;
				CURRENT_PROJECT_VERSION = 1;
				DEVELOPMENT_TEAM = NWL6WKXWCJ;
				GENERATE_INFOPLIST_FILE = YES;
				IPHONEOS_DEPLOYMENT_TARGET = 18.2;
				MARKETING_VERSION = 1.0;
				PRODUCT_BUNDLE_IDENTIFIER = com.Ray.CleanShoppingTests;
				PRODUCT_NAME = "$(TARGET_NAME)";
				SWIFT_EMIT_LOC_STRINGS = NO;
				SWIFT_VERSION = 5.0;
				TARGETED_DEVICE_FAMILY = "1,2";
				TEST_HOST = "$(BUILT_PRODUCTS_DIR)/CleanShopping.app/$(BUNDLE_EXECUTABLE_FOLDER_PATH)/CleanShopping";
			};
			name = Release;
		};
		D453223A2D272F780050CA17 /* Debug */ = {
			isa = XCBuildConfiguration;
			buildSettings = {
				CODE_SIGN_STYLE = Automatic;
				CURRENT_PROJECT_VERSION = 1;
				DEVELOPMENT_TEAM = NWL6WKXWCJ;
				GENERATE_INFOPLIST_FILE = YES;
				MARKETING_VERSION = 1.0;
				PRODUCT_BUNDLE_IDENTIFIER = com.Ray.CleanShoppingUITests;
				PRODUCT_NAME = "$(TARGET_NAME)";
				SWIFT_EMIT_LOC_STRINGS = NO;
				SWIFT_VERSION = 5.0;
				TARGETED_DEVICE_FAMILY = "1,2";
				TEST_TARGET_NAME = CleanShopping;
			};
			name = Debug;
		};
		D453223B2D272F780050CA17 /* Release */ = {
			isa = XCBuildConfiguration;
			buildSettings = {
				CODE_SIGN_STYLE = Automatic;
				CURRENT_PROJECT_VERSION = 1;
				DEVELOPMENT_TEAM = NWL6WKXWCJ;
				GENERATE_INFOPLIST_FILE = YES;
				MARKETING_VERSION = 1.0;
				PRODUCT_BUNDLE_IDENTIFIER = com.Ray.CleanShoppingUITests;
				PRODUCT_NAME = "$(TARGET_NAME)";
				SWIFT_EMIT_LOC_STRINGS = NO;
				SWIFT_VERSION = 5.0;
				TARGETED_DEVICE_FAMILY = "1,2";
				TEST_TARGET_NAME = CleanShopping;
			};
			name = Release;
		};
/* End XCBuildConfiguration section */

/* Begin XCConfigurationList section */
		D45322032D272F760050CA17 /* Build configuration list for PBXProject "CleanShopping" */ = {
			isa = XCConfigurationList;
			buildConfigurations = (
				D45322342D272F780050CA17 /* Debug */,
				D45322352D272F780050CA17 /* Release */,
			);
			defaultConfigurationIsVisible = 0;
			defaultConfigurationName = Release;
		};
		D45322312D272F780050CA17 /* Build configuration list for PBXNativeTarget "CleanShopping" */ = {
			isa = XCConfigurationList;
			buildConfigurations = (
				D45322322D272F780050CA17 /* Debug */,
				D45322332D272F780050CA17 /* Release */,
			);
			defaultConfigurationIsVisible = 0;
			defaultConfigurationName = Release;
		};
		D45322362D272F780050CA17 /* Build configuration list for PBXNativeTarget "CleanShoppingTests" */ = {
			isa = XCConfigurationList;
			buildConfigurations = (
				D45322372D272F780050CA17 /* Debug */,
				D45322382D272F780050CA17 /* Release */,
			);
			defaultConfigurationIsVisible = 0;
			defaultConfigurationName = Release;
		};
		D45322392D272F780050CA17 /* Build configuration list for PBXNativeTarget "CleanShoppingUITests" */ = {
			isa = XCConfigurationList;
			buildConfigurations = (
				D453223A2D272F780050CA17 /* Debug */,
				D453223B2D272F780050CA17 /* Release */,
			);
			defaultConfigurationIsVisible = 0;
			defaultConfigurationName = Release;
		};
/* End XCConfigurationList section */

/* Begin XCRemoteSwiftPackageReference section */
		D40E28952D3CE395000FE234 /* XCRemoteSwiftPackageReference "RxSwift" */ = {
			isa = XCRemoteSwiftPackageReference;
			repositoryURL = "https://github.com/ReactiveX/RxSwift.git";
			requirement = {
				kind = upToNextMajorVersion;
				minimumVersion = 6.8.0;
			};
		};
		D45322F22D354AD80050CA17 /* XCRemoteSwiftPackageReference "SnapKit" */ = {
			isa = XCRemoteSwiftPackageReference;
			repositoryURL = "https://github.com/SnapKit/SnapKit.git";
			requirement = {
				kind = upToNextMajorVersion;
				minimumVersion = 5.7.1;
			};
		};
		D45322F52D354AE70050CA17 /* XCRemoteSwiftPackageReference "Kingfisher" */ = {
			isa = XCRemoteSwiftPackageReference;
			repositoryURL = "https://github.com/onevcat/Kingfisher.git";
			requirement = {
				kind = upToNextMajorVersion;
				minimumVersion = 8.1.3;
			};
		};
		D453233A2D3800580050CA17 /* XCRemoteSwiftPackageReference "Alamofire" */ = {
			isa = XCRemoteSwiftPackageReference;
			repositoryURL = "https://github.com/Alamofire/Alamofire.git";
			requirement = {
				kind = upToNextMajorVersion;
				minimumVersion = 5.10.2;
			};
		};
		D4868FCC2D85F22F0094915F /* XCRemoteSwiftPackageReference "Swinject" */ = {
			isa = XCRemoteSwiftPackageReference;
			repositoryURL = "https://github.com/Swinject/Swinject.git";
			requirement = {
				kind = upToNextMajorVersion;
				minimumVersion = 2.9.1;
			};
		};
		D4C728682D65F7BC00354636 /* XCRemoteSwiftPackageReference "RxDataSources" */ = {
			isa = XCRemoteSwiftPackageReference;
			repositoryURL = "https://github.com/RxSwiftCommunity/RxDataSources.git";
			requirement = {
				kind = upToNextMajorVersion;
				minimumVersion = 5.0.2;
			};
		};
/* End XCRemoteSwiftPackageReference section */

/* Begin XCSwiftPackageProductDependency section */
		D40E28962D3CE395000FE234 /* RxCocoa */ = {
			isa = XCSwiftPackageProductDependency;
			package = D40E28952D3CE395000FE234 /* XCRemoteSwiftPackageReference "RxSwift" */;
			productName = RxCocoa;
		};
		D40E28982D3CE395000FE234 /* RxRelay */ = {
			isa = XCSwiftPackageProductDependency;
			package = D40E28952D3CE395000FE234 /* XCRemoteSwiftPackageReference "RxSwift" */;
			productName = RxRelay;
		};
		D40E289A2D3CE395000FE234 /* RxSwift */ = {
			isa = XCSwiftPackageProductDependency;
			package = D40E28952D3CE395000FE234 /* XCRemoteSwiftPackageReference "RxSwift" */;
			productName = RxSwift;
		};
		D45322F32D354AD80050CA17 /* SnapKit */ = {
			isa = XCSwiftPackageProductDependency;
			package = D45322F22D354AD80050CA17 /* XCRemoteSwiftPackageReference "SnapKit" */;
			productName = SnapKit;
		};
		D45322F62D354AE70050CA17 /* Kingfisher */ = {
			isa = XCSwiftPackageProductDependency;
			package = D45322F52D354AE70050CA17 /* XCRemoteSwiftPackageReference "Kingfisher" */;
			productName = Kingfisher;
		};
		D453233B2D3800580050CA17 /* Alamofire */ = {
			isa = XCSwiftPackageProductDependency;
			package = D453233A2D3800580050CA17 /* XCRemoteSwiftPackageReference "Alamofire" */;
			productName = Alamofire;
		};
		D4868FCD2D85F22F0094915F /* Swinject */ = {
			isa = XCSwiftPackageProductDependency;
			package = D4868FCC2D85F22F0094915F /* XCRemoteSwiftPackageReference "Swinject" */;
			productName = Swinject;
		};
		D4C728692D65F7BC00354636 /* RxDataSources */ = {
			isa = XCSwiftPackageProductDependency;
			package = D4C728682D65F7BC00354636 /* XCRemoteSwiftPackageReference "RxDataSources" */;
			productName = RxDataSources;
		};
		D4C7286B2D65F7F000354636 /* Differentiator */ = {
			isa = XCSwiftPackageProductDependency;
			package = D4C728682D65F7BC00354636 /* XCRemoteSwiftPackageReference "RxDataSources" */;
			productName = Differentiator;
		};
/* End XCSwiftPackageProductDependency section */
	};
	rootObject = D45322002D272F760050CA17 /* Project object */;
}
